
Microsoft Visual Studio Solution File, Format Version 12.00
# Visual Studio Version 16
VisualStudioVersion = 16.0.33927.289
MinimumVisualStudioVersion = 10.0.40219.1
Project("{FAE04EC0-301F-11D3-BF4B-00C04F79EFBC}") = "DebuggerExample", "DebuggerExample\DebuggerExample.csproj", "{FA00B0FF-E5B4-4D48-AE0F-349AB12548FC}"
EndProject
Global
	GlobalSection(SolutionConfigurationPlatforms) = preSolution
		Debug|Any CPU = Debug|Any CPU
		Release|Any CPU = Release|Any CPU
	EndGlobalSection
	GlobalSection(ProjectConfigurationPlatforms) = postSolution
		{FA00B0FF-E5B4-4D48-AE0F-349AB12548FC}.Debug|Any CPU.ActiveCfg = Debug|Any CPU
		{FA00B0FF-E5B4-4D48-AE0F-349AB12548FC}.Debug|Any CPU.Build.0 = Debug|Any CPU
		{FA00B0FF-E5B4-4D48-AE0F-349AB12548FC}.Release|Any CPU.ActiveCfg = Release|Any CPU
		{FA00B0FF-E5B4-4D48-AE0F-349AB12548FC}.Release|Any CPU.Build.0 = Release|Any CPU
	EndGlobalSection
	GlobalSection(SolutionProperties) = preSolution
		HideSolutionNode = FALSE
	EndGlobalSection
	GlobalSection(ExtensibilityGlobals) = postSolution
		SolutionGuid = {5A13CB6F-A745-467F-A716-51B4451FE8D8}
	EndGlobalSection
EndGlobal
